
Microsoft Visual Studio Solution File, Format Version 12.00
# Visual Studio 2013
VisualStudioVersion = 12.0.40629.0
MinimumVisualStudioVersion = 10.0.40219.1
Project("{FAE04EC0-301F-11D3-BF4B-00C04F79EFBC}") = "Z.Web", "Z.Web\Z.Web.csproj", "{F3FB02E6-DAE1-485F-9B0D-8E6C5689862A}"
EndProject
Project("{2150E333-8FDC-42A3-9474-1A3956D46DE8}") = "Z.Core", "Z.Core", "{9E0B0D6D-1512-424F-BA83-7A0D1DEE5C99}"
EndProject
Project("{FAE04EC0-301F-11D3-BF4B-00C04F79EFBC}") = "Z.Core.Model", "..\..\Z.Core.Model\Z.Core.Model.csproj", "{5FD56B00-0958-40FD-8671-E59EEF5CFA41}"
EndProject
Project("{FAE04EC0-301F-11D3-BF4B-00C04F79EFBC}") = "Z.Core.Common", "..\..\Z.Core.Common\Z.Core.Common.csproj", "{D8947169-3CB7-413A-8D67-F7242CE3C46F}"
EndProject
Project("{FAE04EC0-301F-11D3-BF4B-00C04F79EFBC}") = "Z.Core.Repository", "..\..\Z.Core.Repository\Z.Core.Repository.csproj", "{7C2FCCF4-2269-4C72-BDC0-69F3DD2EE698}"
EndProject
Project("{FAE04EC0-301F-11D3-BF4B-00C04F79EFBC}") = "Z.Core.Service", "..\..\Z.Core.Service\Z.Core.Service.csproj", "{408D9B91-CFF7-459B-8AEE-402355EEB7F4}"
EndProject
Global
	GlobalSection(SolutionConfigurationPlatforms) = preSolution
		Debug|Any CPU = Debug|Any CPU
		Release|Any CPU = Release|Any CPU
	EndGlobalSection
	GlobalSection(ProjectConfigurationPlatforms) = postSolution
		{F3FB02E6-DAE1-485F-9B0D-8E6C5689862A}.Debug|Any CPU.ActiveCfg = Debug|Any CPU
		{F3FB02E6-DAE1-485F-9B0D-8E6C5689862A}.Debug|Any CPU.Build.0 = Debug|Any CPU
		{F3FB02E6-DAE1-485F-9B0D-8E6C5689862A}.Release|Any CPU.ActiveCfg = Release|Any CPU
		{F3FB02E6-DAE1-485F-9B0D-8E6C5689862A}.Release|Any CPU.Build.0 = Release|Any CPU
		{5FD56B00-0958-40FD-8671-E59EEF5CFA41}.Debug|Any CPU.ActiveCfg = Debug|Any CPU
		{5FD56B00-0958-40FD-8671-E59EEF5CFA41}.Debug|Any CPU.Build.0 = Debug|Any CPU
		{5FD56B00-0958-40FD-8671-E59EEF5CFA41}.Release|Any CPU.ActiveCfg = Release|Any CPU
		{5FD56B00-0958-40FD-8671-E59EEF5CFA41}.Release|Any CPU.Build.0 = Release|Any CPU
		{D8947169-3CB7-413A-8D67-F7242CE3C46F}.Debug|Any CPU.ActiveCfg = Debug|Any CPU
		{D8947169-3CB7-413A-8D67-F7242CE3C46F}.Debug|Any CPU.Build.0 = Debug|Any CPU
		{D8947169-3CB7-413A-8D67-F7242CE3C46F}.Release|Any CPU.ActiveCfg = Release|Any CPU
		{D8947169-3CB7-413A-8D67-F7242CE3C46F}.Release|Any CPU.Build.0 = Release|Any CPU
		{7C2FCCF4-2269-4C72-BDC0-69F3DD2EE698}.Debug|Any CPU.ActiveCfg = Debug|Any CPU
		{7C2FCCF4-2269-4C72-BDC0-69F3DD2EE698}.Debug|Any CPU.Build.0 = Debug|Any CPU
		{7C2FCCF4-2269-4C72-BDC0-69F3DD2EE698}.Release|Any CPU.ActiveCfg = Release|Any CPU
		{7C2FCCF4-2269-4C72-BDC0-69F3DD2EE698}.Release|Any CPU.Build.0 = Release|Any CPU
		{408D9B91-CFF7-459B-8AEE-402355EEB7F4}.Debug|Any CPU.ActiveCfg = Debug|Any CPU
		{408D9B91-CFF7-459B-8AEE-402355EEB7F4}.Debug|Any CPU.Build.0 = Debug|Any CPU
		{408D9B91-CFF7-459B-8AEE-402355EEB7F4}.Release|Any CPU.ActiveCfg = Release|Any CPU
		{408D9B91-CFF7-459B-8AEE-402355EEB7F4}.Release|Any CPU.Build.0 = Release|Any CPU
	EndGlobalSection
	GlobalSection(SolutionProperties) = preSolution
		HideSolutionNode = FALSE
	EndGlobalSection
	GlobalSection(NestedProjects) = preSolution
		{5FD56B00-0958-40FD-8671-E59EEF5CFA41} = {9E0B0D6D-1512-424F-BA83-7A0D1DEE5C99}
		{D8947169-3CB7-413A-8D67-F7242CE3C46F} = {9E0B0D6D-1512-424F-BA83-7A0D1DEE5C99}
		{7C2FCCF4-2269-4C72-BDC0-69F3DD2EE698} = {9E0B0D6D-1512-424F-BA83-7A0D1DEE5C99}
		{408D9B91-CFF7-459B-8AEE-402355EEB7F4} = {9E0B0D6D-1512-424F-BA83-7A0D1DEE5C99}
	EndGlobalSection
EndGlobal
